
Microsoft Visual Studio Solution File, Format Version 12.00
# Visual Studio 15
VisualStudioVersion = 15.0.28010.2048
MinimumVisualStudioVersion = 10.0.40219.1
Project("{9A19103F-16F7-4668-BE54-9A1E7A4F7556}") = "caseSections", "jobjects\caseSections.csproj", "{B1866C75-3AF8-46B9-BDC1-93B5439785A4}"
EndProject
Project("{9A19103F-16F7-4668-BE54-9A1E7A4F7556}") = "StarWarsAPI", "swapi\StarWarsAPI.csproj", "{EDE96BC4-5729-4E05-947A-C38B49F4CBCB}"
EndProject
Global
	GlobalSection(SolutionConfigurationPlatforms) = preSolution
		Debug|Any CPU = Debug|Any CPU
		Release|Any CPU = Release|Any CPU
	EndGlobalSection
	GlobalSection(ProjectConfigurationPlatforms) = postSolution
		{B1866C75-3AF8-46B9-BDC1-93B5439785A4}.Debug|Any CPU.ActiveCfg = Debug|Any CPU
		{B1866C75-3AF8-46B9-BDC1-93B5439785A4}.Debug|Any CPU.Build.0 = Debug|Any CPU
		{B1866C75-3AF8-46B9-BDC1-93B5439785A4}.Release|Any CPU.ActiveCfg = Release|Any CPU
		{B1866C75-3AF8-46B9-BDC1-93B5439785A4}.Release|Any CPU.Build.0 = Release|Any CPU
		{EDE96BC4-5729-4E05-947A-C38B49F4CBCB}.Debug|Any CPU.ActiveCfg = Debug|Any CPU
		{EDE96BC4-5729-4E05-947A-C38B49F4CBCB}.Debug|Any CPU.Build.0 = Debug|Any CPU
		{EDE96BC4-5729-4E05-947A-C38B49F4CBCB}.Release|Any CPU.ActiveCfg = Release|Any CPU
		{EDE96BC4-5729-4E05-947A-C38B49F4CBCB}.Release|Any CPU.Build.0 = Release|Any CPU
	EndGlobalSection
	GlobalSection(SolutionProperties) = preSolution
		HideSolutionNode = FALSE
	EndGlobalSection
	GlobalSection(ExtensibilityGlobals) = postSolution
		SolutionGuid = {EF4DA867-1BBC-45EE-8B5D-61472B535CB9}
	EndGlobalSection
EndGlobal
